
Microsoft Visual Studio Solution File, Format Version 12.00
# Visual Studio Version 17
VisualStudioVersion = 17.9.34728.123
MinimumVisualStudioVersion = 10.0.40219.1
Project("{FAE04EC0-301F-11D3-BF4B-00C04F79EFBC}") = "calcaulator c#", "calcaulator c#.csproj", "{0C413FD7-FC58-4D39-990F-11CC7629BAAF}"
EndProject
Global
	GlobalSection(SolutionConfigurationPlatforms) = preSolution
		Debug|Any CPU = Debug|Any CPU
		Release|Any CPU = Release|Any CPU
	EndGlobalSection
	GlobalSection(ProjectConfigurationPlatforms) = postSolution
		{0C413FD7-FC58-4D39-990F-11CC7629BAAF}.Debug|Any CPU.ActiveCfg = Debug|Any CPU
		{0C413FD7-FC58-4D39-990F-11CC7629BAAF}.Debug|Any CPU.Build.0 = Debug|Any CPU
		{0C413FD7-FC58-4D39-990F-11CC7629BAAF}.Release|Any CPU.ActiveCfg = Release|Any CPU
		{0C413FD7-FC58-4D39-990F-11CC7629BAAF}.Release|Any CPU.Build.0 = Release|Any CPU
	EndGlobalSection
	GlobalSection(SolutionProperties) = preSolution
		HideSolutionNode = FALSE
	EndGlobalSection
	GlobalSection(ExtensibilityGlobals) = postSolution
		SolutionGuid = {A0D9CC28-5F09-4EA1-A6F2-A94DF3D64C01}
	EndGlobalSection
EndGlobal
